{
  "name": "safehaven-server",
  "version": "1.0.0",
  "lockfileVersion": 3,
  "requires": true,
  "packages": {
    "": {
      "name": "safehaven-server",
      "version": "1.0.0",
      "dependencies": {
        "cors": "^2.8.5",
        "express": "^4.21.0",
        "express-rate-limit": "^7.4.0",
        "helmet": "^8.0.0",
        "morgan": "^1.10.0"
      }
    }
  }
}